
Microsoft Visual Studio Solution File, Format Version 12.00
# Visual Studio Version 17
VisualStudioVersion = 17.8.34511.84
MinimumVisualStudioVersion = 10.0.40219.1
Project("{FAE04EC0-301F-11D3-BF4B-00C04F79EFBC}") = "Sports-Merchandise-Store", "Sports-Merchandise-Store.csproj", "{3B1DEA89-B190-446F-8968-AC7A522AC924}"
EndProject
Global
	GlobalSection(SolutionConfigurationPlatforms) = preSolution
		Debug|Any CPU = Debug|Any CPU
		Release|Any CPU = Release|Any CPU
	EndGlobalSection
	GlobalSection(ProjectConfigurationPlatforms) = postSolution
		{3B1DEA89-B190-446F-8968-AC7A522AC924}.Debug|Any CPU.ActiveCfg = Debug|Any CPU
		{3B1DEA89-B190-446F-8968-AC7A522AC924}.Debug|Any CPU.Build.0 = Debug|Any CPU
		{3B1DEA89-B190-446F-8968-AC7A522AC924}.Release|Any CPU.ActiveCfg = Release|Any CPU
		{3B1DEA89-B190-446F-8968-AC7A522AC924}.Release|Any CPU.Build.0 = Release|Any CPU
	EndGlobalSection
	GlobalSection(SolutionProperties) = preSolution
		HideSolutionNode = FALSE
	EndGlobalSection
	GlobalSection(ExtensibilityGlobals) = postSolution
		SolutionGuid = {4ECAB06C-2A52-491E-8AC1-13426348D8AD}
	EndGlobalSection
EndGlobal
